
Microsoft Visual Studio Solution File, Format Version 12.00
# Visual Studio 14
VisualStudioVersion = 14.0.25420.1
MinimumVisualStudioVersion = 10.0.40219.1
Project("{FAE04EC0-301F-11D3-BF4B-00C04F79EFBC}") = "Order", "Order\Order.csproj", "{6C11BA67-9FF8-4F3F-BEC0-304A2896D863}"
EndProject
Project("{FAE04EC0-301F-11D3-BF4B-00C04F79EFBC}") = "OrderTest", "OrderTest\OrderTest.csproj", "{F4DDB9F3-9C61-4711-A09A-A0A24471A311}"
EndProject
Global
	GlobalSection(SolutionConfigurationPlatforms) = preSolution
		Debug|Any CPU = Debug|Any CPU
		Release|Any CPU = Release|Any CPU
	EndGlobalSection
	GlobalSection(ProjectConfigurationPlatforms) = postSolution
		{6C11BA67-9FF8-4F3F-BEC0-304A2896D863}.Debug|Any CPU.ActiveCfg = Debug|Any CPU
		{6C11BA67-9FF8-4F3F-BEC0-304A2896D863}.Debug|Any CPU.Build.0 = Debug|Any CPU
		{6C11BA67-9FF8-4F3F-BEC0-304A2896D863}.Release|Any CPU.ActiveCfg = Release|Any CPU
		{6C11BA67-9FF8-4F3F-BEC0-304A2896D863}.Release|Any CPU.Build.0 = Release|Any CPU
		{F4DDB9F3-9C61-4711-A09A-A0A24471A311}.Debug|Any CPU.ActiveCfg = Debug|Any CPU
		{F4DDB9F3-9C61-4711-A09A-A0A24471A311}.Debug|Any CPU.Build.0 = Debug|Any CPU
		{F4DDB9F3-9C61-4711-A09A-A0A24471A311}.Release|Any CPU.ActiveCfg = Release|Any CPU
		{F4DDB9F3-9C61-4711-A09A-A0A24471A311}.Release|Any CPU.Build.0 = Release|Any CPU
	EndGlobalSection
	GlobalSection(SolutionProperties) = preSolution
		HideSolutionNode = FALSE
	EndGlobalSection
EndGlobal
